// !$*UTF8*$!
{
	archiveVersion = 1;
	classes = {
	};
	objectVersion = 46;
	objects = {

/* Begin PBXBuildFile section */
		844518AB1EA95C7200414B50 /* AppDelegate.swift in Sources */ = {isa = PBXBuildFile; fileRef = 844518AA1EA95C7200414B50 /* AppDelegate.swift */; };
		844518AD1EA95C7200414B50 /* ViewController.swift in Sources */ = {isa = PBXBuildFile; fileRef = 844518AC1EA95C7200414B50 /* ViewController.swift */; };
		844518B01EA95C7200414B50 /* Main.storyboard in Resources */ = {isa = PBXBuildFile; fileRef = 844518AE1EA95C7200414B50 /* Main.storyboard */; };
		844518B21EA95C7200414B50 /* Assets.xcassets in Resources */ = {isa = PBXBuildFile; fileRef = 844518B11EA95C7200414B50 /* Assets.xcassets */; };
		844518B51EA95C7200414B50 /* LaunchScreen.storyboard in Resources */ = {isa = PBXBuildFile; fileRef = 844518B31EA95C7200414B50 /* LaunchScreen.storyboard */; };
/* End PBXBuildFile section */

/* Begin PBXFileReference section */
		844518A71EA95C7200414B50 /* 8a-ios-swift.app */ = {isa = PBXFileReference; explicitFileType = wrapper.application; includeInIndex = 0; path = "8a-ios-swift.app"; sourceTree = BUILT_PRODUCTS_DIR; };
		844518AA1EA95C7200414B50 /* AppDelegate.swift */ = {isa = PBXFileReference; lastKnownFileType = sourcecode.swift; path = AppDelegate.swift; sourceTree = "<group>"; };
		844518AC1EA95C7200414B50 /* ViewController.swift */ = {isa = PBXFileReference; lastKnownFileType = sourcecode.swift; path = ViewController.swift; sourceTree = "<group>"; };
		844518AF1EA95C7200414B50 /* Base */ = {isa = PBXFileReference; lastKnownFileType = file.storyboard; name = Base; path = Base.lproj/Main.storyboard; sourceTree = "<group>"; };
		844518B11EA95C7200414B50 /* Assets.xcassets */ = {isa = PBXFileReference; lastKnownFileType = folder.assetcatalog; path = Assets.xcassets; sourceTree = "<group>"; };
		844518B41EA95C7200414B50 /* Base */ = {isa = PBXFileReference; lastKnownFileType = file.storyboard; name = Base; path = Base.lproj/LaunchScreen.storyboard; sourceTree = "<group>"; };
		844518B61EA95C7200414B50 /* Info.plist */ = {isa = PBXFileReference; lastKnownFileType = text.plist.xml; path = Info.plist; sourceTree = "<group>"; };
/* End PBXFileReference section */

/* Begin PBXFrameworksBuildPhase section */
		844518A41EA95C7200414B50 /* Frameworks */ = {
			isa = PBXFrameworksBuildPhase;
			buildActionMask = 2147483647;
			files = (
			);
			runOnlyForDeploymentPostprocessing = 0;
		};
/* End PBXFrameworksBuildPhase section */

/* Begin PBXGroup section */
		8445189E1EA95C7200414B50 = {
			isa = PBXGroup;
			children = (
				844518A91EA95C7200414B50 /* 8a-ios-swift */,
				844518A81EA95C7200414B50 /* Products */,
			);
			sourceTree = "<group>";
		};
		844518A81EA95C7200414B50 /* Products */ = {
			isa = PBXGroup;
			children = (
				844518A71EA95C7200414B50 /* 8a-ios-swift.app */,
			);
			name = Products;
			sourceTree = "<group>";
		};
		844518A91EA95C7200414B50 /* 8a-ios-swift */ = {
			isa = PBXGroup;
			children = (
				844518AA1EA95C7200414B50 /* AppDelegate.swift */,
				844518AC1EA95C7200414B50 /* ViewController.swift */,
				844518AE1EA95C7200414B50 /* Main.storyboard */,
				844518B11EA95C7200414B50 /* Assets.xcassets */,
				844518B31EA95C7200414B50 /* LaunchScreen.storyboard */,
				844518B61EA95C7200414B50 /* Info.plist */,
			);
			path = "8a-ios-swift";
			sourceTree = "<group>";
		};
/* End PBXGroup section */

/* Begin PBXNativeTarget section */
		844518A61EA95C7200414B50 /* 8a-ios-swift */ = {
			isa = PBXNativeTarget;
			buildConfigurationList = 844518B91EA95C7200414B50 /* Build configuration list for PBXNativeTarget "8a-ios-swift" */;
			buildPhases = (
				844518A31EA95C7200414B50 /* Sources */,
				844518A41EA95C7200414B50 /* Frameworks */,
				844518A51EA95C7200414B50 /* Resources */,
			);
			buildRules = (
			);
			dependencies = (
			);
			name = "8a-ios-swift";
			productName = "8a-ios-swift";
			productReference = 844518A71EA95C7200414B50 /* 8a-ios-swift.app */;
			productType = "com.apple.product-type.application";
		};
/* End PBXNativeTarget section */

/* Begin PBXProject section */
		8445189F1EA95C7200414B50 /* Project object */ = {
			isa = PBXProject;
			attributes = {
				LastSwiftUpdateCheck = 0830;
				LastUpgradeCheck = 0830;
				ORGANIZATIONNAME = "Allfree Group LLC";
				TargetAttributes = {
					844518A61EA95C7200414B50 = {
						CreatedOnToolsVersion = 8.3.1;
						ProvisioningStyle = Automatic;
					};
				};
			};
			buildConfigurationList = 844518A21EA95C7200414B50 /* Build configuration list for PBXProject "8a-ios-swift" */;
			compatibilityVersion = "Xcode 3.2";
			developmentRegion = English;
			hasScannedForEncodings = 0;
			knownRegions = (
				en,
				Base,
			);
			mainGroup = 8445189E1EA95C7200414B50;
			productRefGroup = 844518A81EA95C7200414B50 /* Products */;
			projectDirPath = "";
			projectRoot = "";
			targets = (
				844518A61EA95C7200414B50 /* 8a-ios-swift */,
			);
		};
/* End PBXProject section */

/* Begin PBXResourcesBuildPhase section */
		844518A51EA95C7200414B50 /* Resources */ = {
			isa = PBXResourcesBuildPhase;
			buildActionMask = 2147483647;
			files = (
				844518B51EA95C7200414B50 /* LaunchScreen.storyboard in Resources */,
				844518B21EA95C7200414B50 /* Assets.xcassets in Resources */,
				844518B01EA95C7200414B50 /* Main.storyboard in Resources */,
			);
			runOnlyForDeploymentPostprocessing = 0;
		};
/* End PBXResourcesBuildPhase section */

/* Begin PBXSourcesBuildPhase section */
		844518A31EA95C7200414B50 /* Sources */ = {
			isa = PBXSourcesBuildPhase;
			buildActionMask = 2147483647;
			files = (
				844518AD1EA95C7200414B50 /* ViewController.swift in Sources */,
				844518AB1EA95C7200414B50 /* AppDelegate.swift in Sources */,
			);
			runOnlyForDeploymentPostprocessing = 0;
		};
/* End PBXSourcesBuildPhase section */

/* Begin PBXVariantGroup section */
		844518AE1EA95C7200414B50 /* Main.storyboard */ = {
			isa = PBXVariantGroup;
			children = (
				844518AF1EA95C7200414B50 /* Base */,
			);
			name = Main.storyboard;
			sourceTree = "<group>";
		};
		844518B31EA95C7200414B50 /* LaunchScreen.storyboard */ = {
			isa = PBXVariantGroup;
			children = (
				844518B41EA95C7200414B50 /* Base */,
			);
			name = LaunchScreen.storyboard;
			sourceTree = "<group>";
		};
/* End PBXVariantGroup section */

/* Begin XCBuildConfiguration section */
		844518B71EA95C7200414B50 /* Debug */ = {
			isa = XCBuildConfiguration;
			buildSettings = {
				ALWAYS_SEARCH_USER_PATHS = NO;
				CLANG_ANALYZER_NONNULL = YES;
				CLANG_ANALYZER_NUMBER_OBJECT_CONVERSION = YES_AGGRESSIVE;
				CLANG_CXX_LANGUAGE_STANDARD = "gnu++0x";
				CLANG_CXX_LIBRARY = "libc++";
				CLANG_ENABLE_MODULES = YES;
				CLANG_ENABLE_OBJC_ARC = YES;
				CLANG_WARN_BOOL_CONVERSION = YES;
				CLANG_WARN_CONSTANT_CONVERSION = YES;
				CLANG_WARN_DIRECT_OBJC_ISA_USAGE = YES_ERROR;
				CLANG_WARN_DOCUMENTATION_COMMENTS = YES;
				CLANG_WARN_EMPTY_BODY = YES;
				CLANG_WARN_ENUM_CONVERSION = YES;
				CLANG_WARN_INFINITE_RECURSION = YES;
				CLANG_WARN_INT_CONVERSION = YES;
				CLANG_WARN_OBJC_ROOT_CLASS = YES_ERROR;
				CLANG_WARN_SUSPICIOUS_MOVE = YES;
				CLANG_WARN_UNREACHABLE_CODE = YES;
				CLANG_WARN__DUPLICATE_METHOD_MATCH = YES;
				"CODE_SIGN_IDENTITY[sdk=iphoneos*]" = "iPhone Developer";
				COPY_PHASE_STRIP = NO;
				DEBUG_INFORMATION_FORMAT = dwarf;
				ENABLE_STRICT_OBJC_MSGSEND = YES;
				ENABLE_TESTABILITY = YES;
				GCC_C_LANGUAGE_STANDARD = gnu99;
				GCC_DYNAMIC_NO_PIC = NO;
				GCC_NO_COMMON_BLOCKS = YES;
				GCC_OPTIMIZATION_LEVEL = 0;
				GCC_PREPROCESSOR_DEFINITIONS = (
					"DEBUG=1",
					"$(inherited)",
				);
				GCC_WARN_64_TO_32_BIT_CONVERSION = YES;
				GCC_WARN_ABOUT_RETURN_TYPE = YES_ERROR;
				GCC_WARN_UNDECLARED_SELECTOR = YES;
				GCC_WARN_UNINITIALIZED_AUTOS = YES_AGGRESSIVE;
				GCC_WARN_UNUSED_FUNCTION = YES;
				GCC_WARN_UNUSED_VARIABLE = YES;
				IPHONEOS_DEPLOYMENT_TARGET = 10.3;
				MTL_ENABLE_DEBUG_INFO = YES;
				ONLY_ACTIVE_ARCH = YES;
				SDKROOT = iphoneos;
				SWIFT_ACTIVE_COMPILATION_CONDITIONS = DEBUG;
				SWIFT_OPTIMIZATION_LEVEL = "-Onone";
				TARGETED_DEVICE_FAMILY = "1,2";
			};
			name = Debug;
		};
		844518B81EA95C7200414B50 /* Release */ = {
			isa = XCBuildConfiguration;
			buildSettings = {
				ALWAYS_SEARCH_USER_PATHS = NO;
				CLANG_ANALYZER_NONNULL = YES;
				CLANG_ANALYZER_NUMBER_OBJECT_CONVERSION = YES_AGGRESSIVE;
				CLANG_CXX_LANGUAGE_STANDARD = "gnu++0x";
				CLANG_CXX_LIBRARY = "libc++";
				CLANG_ENABLE_MODULES = YES;
				CLANG_ENABLE_OBJC_ARC = YES;
				CLANG_WARN_BOOL_CONVERSION = YES;
				CLANG_WARN_CONSTANT_CONVERSION = YES;
				CLANG_WARN_DIRECT_OBJC_ISA_USAGE = YES_ERROR;
				CLANG_WARN_DOCUMENTATION_COMMENTS = YES;
				CLANG_WARN_EMPTY_BODY = YES;
				CLANG_WARN_ENUM_CONVERSION = YES;
				CLANG_WARN_INFINITE_RECURSION = YES;
				CLANG_WARN_INT_CONVERSION = YES;
				CLANG_WARN_OBJC_ROOT_CLASS = YES_ERROR;
				CLANG_WARN_SUSPICIOUS_MOVE = YES;
				CLANG_WARN_UNREACHABLE_CODE = YES;
				CLANG_WARN__DUPLICATE_METHOD_MATCH = YES;
				"CODE_SIGN_IDENTITY[sdk=iphoneos*]" = "iPhone Developer";
				COPY_PHASE_STRIP = NO;
				DEBUG_INFORMATION_FORMAT = "dwarf-with-dsym";
				ENABLE_NS_ASSERTIONS = NO;
				ENABLE_STRICT_OBJC_MSGSEND = YES;
				GCC_C_LANGUAGE_STANDARD = gnu99;
				GCC_NO_COMMON_BLOCKS = YES;
				GCC_WARN_64_TO_32_BIT_CONVERSION = YES;
				GCC_WARN_ABOUT_RETURN_TYPE = YES_ERROR;
				GCC_WARN_UNDECLARED_SELECTOR = YES;
				GCC_WARN_UNINITIALIZED_AUTOS = YES_AGGRESSIVE;
				GCC_WARN_UNUSED_FUNCTION = YES;
				GCC_WARN_UNUSED_VARIABLE = YES;
				IPHONEOS_DEPLOYMENT_TARGET = 10.3;
				MTL_ENABLE_DEBUG_INFO = NO;
				SDKROOT = iphoneos;
				SWIFT_OPTIMIZATION_LEVEL = "-Owholemodule";
				TARGETED_DEVICE_FAMILY = "1,2";
				VALIDATE_PRODUCT = YES;
			};
			name = Release;
		};
		844518BA1EA95C7200414B50 /* Debug */ = {
			isa = XCBuildConfiguration;
			buildSettings = {
				ASSETCATALOG_COMPILER_APPICON_NAME = AppIcon;
				INFOPLIST_FILE = "8a-ios-swift/Info.plist";
				LD_RUNPATH_SEARCH_PATHS = "$(inherited) @executable_path/Frameworks";
				PRODUCT_BUNDLE_IDENTIFIER = "com.wwl.-a-ios-swift";
				PRODUCT_NAME = "$(TARGET_NAME)";
				SWIFT_VERSION = 3.0;
			};
			name = Debug;
		};
		844518BB1EA95C7200414B50 /* Release */ = {
			isa = XCBuildConfiguration;
			buildSettings = {
				ASSETCATALOG_COMPILER_APPICON_NAME = AppIcon;
				INFOPLIST_FILE = "8a-ios-swift/Info.plist";
				LD_RUNPATH_SEARCH_PATHS = "$(inherited) @executable_path/Frameworks";
				PRODUCT_BUNDLE_IDENTIFIER = "com.wwl.-a-ios-swift";
				PRODUCT_NAME = "$(TARGET_NAME)";
				SWIFT_VERSION = 3.0;
			};
			name = Release;
		};
/* End XCBuildConfiguration section */

/* Begin XCConfigurationList section */
		844518A21EA95C7200414B50 /* Build configuration list for PBXProject "8a-ios-swift" */ = {
			isa = XCConfigurationList;
			buildConfigurations = (
				844518B71EA95C7200414B50 /* Debug */,
				844518B81EA95C7200414B50 /* Release */,
			);
			defaultConfigurationIsVisible = 0;
			defaultConfigurationName = Release;
		};
		844518B91EA95C7200414B50 /* Build configuration list for PBXNativeTarget "8a-ios-swift" */ = {
			isa = XCConfigurationList;
			buildConfigurations = (
				844518BA1EA95C7200414B50 /* Debug */,
				844518BB1EA95C7200414B50 /* Release */,
			);
			defaultConfigurationIsVisible = 0;
		};
/* End XCConfigurationList section */
	};
	rootObject = 8445189F1EA95C7200414B50 /* Project object */;
}
